
Microsoft Visual Studio Solution File, Format Version 12.00
# Visual Studio Version 17
VisualStudioVersion = 17.14.36221.1 d17.14
MinimumVisualStudioVersion = 10.0.40219.1
Project("{FAE04EC0-301F-11D3-BF4B-00C04F79EFBC}") = "WpfApp1", "WpfApp1\WpfApp1.csproj", "{AC05FC04-F5ED-4CB1-8478-D8BFE5440876}"
EndProject
Global
	GlobalSection(SolutionConfigurationPlatforms) = preSolution
		Debug|Any CPU = Debug|Any CPU
		Release|Any CPU = Release|Any CPU
	EndGlobalSection
	GlobalSection(ProjectConfigurationPlatforms) = postSolution
		{AC05FC04-F5ED-4CB1-8478-D8BFE5440876}.Debug|Any CPU.ActiveCfg = Debug|Any CPU
		{AC05FC04-F5ED-4CB1-8478-D8BFE5440876}.Debug|Any CPU.Build.0 = Debug|Any CPU
		{AC05FC04-F5ED-4CB1-8478-D8BFE5440876}.Release|Any CPU.ActiveCfg = Release|Any CPU
		{AC05FC04-F5ED-4CB1-8478-D8BFE5440876}.Release|Any CPU.Build.0 = Release|Any CPU
	EndGlobalSection
	GlobalSection(SolutionProperties) = preSolution
		HideSolutionNode = FALSE
	EndGlobalSection
	GlobalSection(ExtensibilityGlobals) = postSolution
		SolutionGuid = {90CA303E-C804-4B03-972C-AF23F6E054F8}
	EndGlobalSection
EndGlobal
